
Microsoft Visual Studio Solution File, Format Version 12.00
# Visual Studio Version 17
VisualStudioVersion = 17.5.33516.290
MinimumVisualStudioVersion = 10.0.40219.1
Project("{8BC9CEB8-8B4A-11D0-8D11-00A0C91BC942}") = "Project2", "Project2\Project2.vcxproj", "{067AE203-35CA-4938-98E9-7DB26900B233}"
EndProject
Global
	GlobalSection(SolutionConfigurationPlatforms) = preSolution
		Debug|x64 = Debug|x64
		Debug|x86 = Debug|x86
		Release|x64 = Release|x64
		Release|x86 = Release|x86
	EndGlobalSection
	GlobalSection(ProjectConfigurationPlatforms) = postSolution
		{067AE203-35CA-4938-98E9-7DB26900B233}.Debug|x64.ActiveCfg = Debug|x64
		{067AE203-35CA-4938-98E9-7DB26900B233}.Debug|x64.Build.0 = Debug|x64
		{067AE203-35CA-4938-98E9-7DB26900B233}.Debug|x86.ActiveCfg = Debug|Win32
		{067AE203-35CA-4938-98E9-7DB26900B233}.Debug|x86.Build.0 = Debug|Win32
		{067AE203-35CA-4938-98E9-7DB26900B233}.Release|x64.ActiveCfg = Release|x64
		{067AE203-35CA-4938-98E9-7DB26900B233}.Release|x64.Build.0 = Release|x64
		{067AE203-35CA-4938-98E9-7DB26900B233}.Release|x86.ActiveCfg = Release|Win32
		{067AE203-35CA-4938-98E9-7DB26900B233}.Release|x86.Build.0 = Release|Win32
	EndGlobalSection
	GlobalSection(SolutionProperties) = preSolution
		HideSolutionNode = FALSE
	EndGlobalSection
	GlobalSection(ExtensibilityGlobals) = postSolution
		SolutionGuid = {3EE6D935-9970-4D8E-B180-512425A1F124}
	EndGlobalSection
EndGlobal
